
Microsoft Visual Studio Solution File, Format Version 11.00
# Visual Studio 2010
Project("{FAE04EC0-301F-11D3-BF4B-00C04F79EFBC}") = "18103013_BaiTap03", "18103013_BaiTap03.csproj", "{1210D46B-7FE6-4705-8F2B-2FD459703C12}"
EndProject
Global
	GlobalSection(SolutionConfigurationPlatforms) = preSolution
		Debug|x86 = Debug|x86
		Release|x86 = Release|x86
	EndGlobalSection
	GlobalSection(ProjectConfigurationPlatforms) = postSolution
		{1210D46B-7FE6-4705-8F2B-2FD459703C12}.Debug|x86.ActiveCfg = Debug|x86
		{1210D46B-7FE6-4705-8F2B-2FD459703C12}.Debug|x86.Build.0 = Debug|x86
		{1210D46B-7FE6-4705-8F2B-2FD459703C12}.Release|x86.ActiveCfg = Release|x86
		{1210D46B-7FE6-4705-8F2B-2FD459703C12}.Release|x86.Build.0 = Release|x86
	EndGlobalSection
	GlobalSection(SolutionProperties) = preSolution
		HideSolutionNode = FALSE
	EndGlobalSection
EndGlobal
